
Microsoft Visual Studio Solution File, Format Version 12.00
# Visual Studio Version 16
VisualStudioVersion = 16.0.28803.452
MinimumVisualStudioVersion = 10.0.40219.1
Project("{FAE04EC0-301F-11D3-BF4B-00C04F79EFBC}") = "Hotel", "Hotel\Hotel.csproj", "{7B532B55-7661-4C92-B98A-FCD56894B98D}"
EndProject
Project("{54435603-DBB4-11D2-8724-00A0C9A8B90C}") = "Setup", "Setup\Setup.vdproj", "{F6A52B4C-E932-4F3B-99E0-D77BF5B30F64}"
EndProject
Global
	GlobalSection(SolutionConfigurationPlatforms) = preSolution
		Debug|Any CPU = Debug|Any CPU
		Release|Any CPU = Release|Any CPU
	EndGlobalSection
	GlobalSection(ProjectConfigurationPlatforms) = postSolution
		{7B532B55-7661-4C92-B98A-FCD56894B98D}.Debug|Any CPU.ActiveCfg = Debug|Any CPU
		{7B532B55-7661-4C92-B98A-FCD56894B98D}.Debug|Any CPU.Build.0 = Debug|Any CPU
		{7B532B55-7661-4C92-B98A-FCD56894B98D}.Release|Any CPU.ActiveCfg = Release|Any CPU
		{7B532B55-7661-4C92-B98A-FCD56894B98D}.Release|Any CPU.Build.0 = Release|Any CPU
		{F6A52B4C-E932-4F3B-99E0-D77BF5B30F64}.Debug|Any CPU.ActiveCfg = Debug
		{F6A52B4C-E932-4F3B-99E0-D77BF5B30F64}.Release|Any CPU.ActiveCfg = Release
	EndGlobalSection
	GlobalSection(SolutionProperties) = preSolution
		HideSolutionNode = FALSE
	EndGlobalSection
	GlobalSection(ExtensibilityGlobals) = postSolution
		SolutionGuid = {C4AFD6ED-01F3-4281-A85A-6626004F6C4A}
	EndGlobalSection
EndGlobal
